// !$*UTF8*$!
{
	archiveVersion = 1;
	classes = {
	};
	objectVersion = 50;
	objects = {

/* Begin PBXBuildFile section */
		903F0BFE2289BE84003D83D1 /* GreenViewController.swift in Sources */ = {isa = PBXBuildFile; fileRef = 903F0BFD2289BE84003D83D1 /* GreenViewController.swift */; };
		903F0C002289DABE003D83D1 /* customclass.swift in Sources */ = {isa = PBXBuildFile; fileRef = 903F0BFF2289DABE003D83D1 /* customclass.swift */; };
		907FB2002286144100046B0A /* AppDelegate.swift in Sources */ = {isa = PBXBuildFile; fileRef = 907FB1FF2286144100046B0A /* AppDelegate.swift */; };
		907FB2022286144100046B0A /* ParentViewController.swift in Sources */ = {isa = PBXBuildFile; fileRef = 907FB2012286144100046B0A /* ParentViewController.swift */; };
		907FB2052286144100046B0A /* Main.storyboard in Resources */ = {isa = PBXBuildFile; fileRef = 907FB2032286144100046B0A /* Main.storyboard */; };
		907FB2072286144200046B0A /* Assets.xcassets in Resources */ = {isa = PBXBuildFile; fileRef = 907FB2062286144200046B0A /* Assets.xcassets */; };
		907FB20A2286144200046B0A /* LaunchScreen.storyboard in Resources */ = {isa = PBXBuildFile; fileRef = 907FB2082286144200046B0A /* LaunchScreen.storyboard */; };
		907FB2132286146900046B0A /* Command.swift in Sources */ = {isa = PBXBuildFile; fileRef = 907FB2122286146900046B0A /* Command.swift */; };
		907FB2162286147F00046B0A /* Tutorial.swift in Sources */ = {isa = PBXBuildFile; fileRef = 907FB2152286147F00046B0A /* Tutorial.swift */; };
		907FB2182286158700046B0A /* CommandController.swift in Sources */ = {isa = PBXBuildFile; fileRef = 907FB2172286158700046B0A /* CommandController.swift */; };
		907FB21B228616DB00046B0A /* TutorialController.swift in Sources */ = {isa = PBXBuildFile; fileRef = 907FB21A228616DB00046B0A /* TutorialController.swift */; };
		907FB21D228618FA00046B0A /* PopOverViewController.swift in Sources */ = {isa = PBXBuildFile; fileRef = 907FB21C228618FA00046B0A /* PopOverViewController.swift */; };
		907FB21F2286193A00046B0A /* PopOverViewController2.swift in Sources */ = {isa = PBXBuildFile; fileRef = 907FB21E2286193A00046B0A /* PopOverViewController2.swift */; };
		907FB22122862BA900046B0A /* VCSourceOfTruth.swift in Sources */ = {isa = PBXBuildFile; fileRef = 907FB22022862BA900046B0A /* VCSourceOfTruth.swift */; };
		907FB22522862FBD00046B0A /* CreateTutorialViewController.swift in Sources */ = {isa = PBXBuildFile; fileRef = 907FB22422862FBD00046B0A /* CreateTutorialViewController.swift */; };
		907FB227228638CA00046B0A /* TableViewController.swift in Sources */ = {isa = PBXBuildFile; fileRef = 907FB226228638CA00046B0A /* TableViewController.swift */; };
/* End PBXBuildFile section */

/* Begin PBXFileReference section */
		903F0BFD2289BE84003D83D1 /* GreenViewController.swift */ = {isa = PBXFileReference; lastKnownFileType = sourcecode.swift; path = GreenViewController.swift; sourceTree = "<group>"; };
		903F0BFF2289DABE003D83D1 /* customclass.swift */ = {isa = PBXFileReference; lastKnownFileType = sourcecode.swift; path = customclass.swift; sourceTree = "<group>"; };
		907FB1FC2286144100046B0A /* walkProTwo.app */ = {isa = PBXFileReference; explicitFileType = wrapper.application; includeInIndex = 0; path = walkProTwo.app; sourceTree = BUILT_PRODUCTS_DIR; };
		907FB1FF2286144100046B0A /* AppDelegate.swift */ = {isa = PBXFileReference; lastKnownFileType = sourcecode.swift; path = AppDelegate.swift; sourceTree = "<group>"; };
		907FB2012286144100046B0A /* ParentViewController.swift */ = {isa = PBXFileReference; lastKnownFileType = sourcecode.swift; path = ParentViewController.swift; sourceTree = "<group>"; };
		907FB2042286144100046B0A /* Base */ = {isa = PBXFileReference; lastKnownFileType = file.storyboard; name = Base; path = Base.lproj/Main.storyboard; sourceTree = "<group>"; };
		907FB2062286144200046B0A /* Assets.xcassets */ = {isa = PBXFileReference; lastKnownFileType = folder.assetcatalog; path = Assets.xcassets; sourceTree = "<group>"; };
		907FB2092286144200046B0A /* Base */ = {isa = PBXFileReference; lastKnownFileType = file.storyboard; name = Base; path = Base.lproj/LaunchScreen.storyboard; sourceTree = "<group>"; };
		907FB20B2286144200046B0A /* Info.plist */ = {isa = PBXFileReference; lastKnownFileType = text.plist.xml; path = Info.plist; sourceTree = "<group>"; };
		907FB2122286146900046B0A /* Command.swift */ = {isa = PBXFileReference; lastKnownFileType = sourcecode.swift; path = Command.swift; sourceTree = "<group>"; };
		907FB2152286147F00046B0A /* Tutorial.swift */ = {isa = PBXFileReference; lastKnownFileType = sourcecode.swift; path = Tutorial.swift; sourceTree = "<group>"; };
		907FB2172286158700046B0A /* CommandController.swift */ = {isa = PBXFileReference; lastKnownFileType = sourcecode.swift; path = CommandController.swift; sourceTree = "<group>"; };
		907FB21A228616DB00046B0A /* TutorialController.swift */ = {isa = PBXFileReference; lastKnownFileType = sourcecode.swift; path = TutorialController.swift; sourceTree = "<group>"; };
		907FB21C228618FA00046B0A /* PopOverViewController.swift */ = {isa = PBXFileReference; lastKnownFileType = sourcecode.swift; path = PopOverViewController.swift; sourceTree = "<group>"; };
		907FB21E2286193A00046B0A /* PopOverViewController2.swift */ = {isa = PBXFileReference; lastKnownFileType = sourcecode.swift; path = PopOverViewController2.swift; sourceTree = "<group>"; };
		907FB22022862BA900046B0A /* VCSourceOfTruth.swift */ = {isa = PBXFileReference; lastKnownFileType = sourcecode.swift; path = VCSourceOfTruth.swift; sourceTree = "<group>"; };
		907FB22422862FBD00046B0A /* CreateTutorialViewController.swift */ = {isa = PBXFileReference; lastKnownFileType = sourcecode.swift; path = CreateTutorialViewController.swift; sourceTree = "<group>"; };
		907FB226228638CA00046B0A /* TableViewController.swift */ = {isa = PBXFileReference; lastKnownFileType = sourcecode.swift; path = TableViewController.swift; sourceTree = "<group>"; };
/* End PBXFileReference section */

/* Begin PBXFrameworksBuildPhase section */
		907FB1F92286144100046B0A /* Frameworks */ = {
			isa = PBXFrameworksBuildPhase;
			buildActionMask = 2147483647;
			files = (
			);
			runOnlyForDeploymentPostprocessing = 0;
		};
/* End PBXFrameworksBuildPhase section */

/* Begin PBXGroup section */
		907FB1F32286144100046B0A = {
			isa = PBXGroup;
			children = (
				907FB1FE2286144100046B0A /* walkProTwo */,
				907FB1FD2286144100046B0A /* Products */,
			);
			sourceTree = "<group>";
		};
		907FB1FD2286144100046B0A /* Products */ = {
			isa = PBXGroup;
			children = (
				907FB1FC2286144100046B0A /* walkProTwo.app */,
			);
			name = Products;
			sourceTree = "<group>";
		};
		907FB1FE2286144100046B0A /* walkProTwo */ = {
			isa = PBXGroup;
			children = (
				907FB2012286144100046B0A /* ParentViewController.swift */,
				907FB22422862FBD00046B0A /* CreateTutorialViewController.swift */,
				907FB22322862F9300046B0A /* children */,
				907FB22222862BAC00046B0A /* vcSourceOfTruth */,
				907FB219228616C600046B0A /* Controllers */,
				907FB2142286147000046B0A /* Models */,
				907FB2032286144100046B0A /* Main.storyboard */,
				907FB2112286145300046B0A /* Resources */,
			);
			path = walkProTwo;
			sourceTree = "<group>";
		};
		907FB2112286145300046B0A /* Resources */ = {
			isa = PBXGroup;
			children = (
				907FB1FF2286144100046B0A /* AppDelegate.swift */,
				907FB2062286144200046B0A /* Assets.xcassets */,
				907FB2082286144200046B0A /* LaunchScreen.storyboard */,
				907FB20B2286144200046B0A /* Info.plist */,
			);
			path = Resources;
			sourceTree = "<group>";
		};
		907FB2142286147000046B0A /* Models */ = {
			isa = PBXGroup;
			children = (
				907FB2122286146900046B0A /* Command.swift */,
				907FB2152286147F00046B0A /* Tutorial.swift */,
				903F0BFF2289DABE003D83D1 /* customclass.swift */,
			);
			path = Models;
			sourceTree = "<group>";
		};
		907FB219228616C600046B0A /* Controllers */ = {
			isa = PBXGroup;
			children = (
				907FB2172286158700046B0A /* CommandController.swift */,
				907FB21A228616DB00046B0A /* TutorialController.swift */,
				907FB226228638CA00046B0A /* TableViewController.swift */,
			);
			path = Controllers;
			sourceTree = "<group>";
		};
		907FB22222862BAC00046B0A /* vcSourceOfTruth */ = {
			isa = PBXGroup;
			children = (
				907FB22022862BA900046B0A /* VCSourceOfTruth.swift */,
			);
			path = vcSourceOfTruth;
			sourceTree = "<group>";
		};
		907FB22322862F9300046B0A /* children */ = {
			isa = PBXGroup;
			children = (
				907FB21C228618FA00046B0A /* PopOverViewController.swift */,
				907FB21E2286193A00046B0A /* PopOverViewController2.swift */,
				903F0BFD2289BE84003D83D1 /* GreenViewController.swift */,
			);
			path = children;
			sourceTree = "<group>";
		};
/* End PBXGroup section */

/* Begin PBXNativeTarget section */
		907FB1FB2286144100046B0A /* walkProTwo */ = {
			isa = PBXNativeTarget;
			buildConfigurationList = 907FB20E2286144200046B0A /* Build configuration list for PBXNativeTarget "walkProTwo" */;
			buildPhases = (
				907FB1F82286144100046B0A /* Sources */,
				907FB1F92286144100046B0A /* Frameworks */,
				907FB1FA2286144100046B0A /* Resources */,
			);
			buildRules = (
			);
			dependencies = (
			);
			name = walkProTwo;
			productName = walkProTwo;
			productReference = 907FB1FC2286144100046B0A /* walkProTwo.app */;
			productType = "com.apple.product-type.application";
		};
/* End PBXNativeTarget section */

/* Begin PBXProject section */
		907FB1F42286144100046B0A /* Project object */ = {
			isa = PBXProject;
			attributes = {
				LastSwiftUpdateCheck = 1020;
				LastUpgradeCheck = 1020;
				ORGANIZATIONNAME = "Greg Hughes";
				TargetAttributes = {
					907FB1FB2286144100046B0A = {
						CreatedOnToolsVersion = 10.2;
					};
				};
			};
			buildConfigurationList = 907FB1F72286144100046B0A /* Build configuration list for PBXProject "walkProTwo" */;
			compatibilityVersion = "Xcode 9.3";
			developmentRegion = en;
			hasScannedForEncodings = 0;
			knownRegions = (
				en,
				Base,
			);
			mainGroup = 907FB1F32286144100046B0A;
			productRefGroup = 907FB1FD2286144100046B0A /* Products */;
			projectDirPath = "";
			projectRoot = "";
			targets = (
				907FB1FB2286144100046B0A /* walkProTwo */,
			);
		};
/* End PBXProject section */

/* Begin PBXResourcesBuildPhase section */
		907FB1FA2286144100046B0A /* Resources */ = {
			isa = PBXResourcesBuildPhase;
			buildActionMask = 2147483647;
			files = (
				907FB20A2286144200046B0A /* LaunchScreen.storyboard in Resources */,
				907FB2072286144200046B0A /* Assets.xcassets in Resources */,
				907FB2052286144100046B0A /* Main.storyboard in Resources */,
			);
			runOnlyForDeploymentPostprocessing = 0;
		};
/* End PBXResourcesBuildPhase section */

/* Begin PBXSourcesBuildPhase section */
		907FB1F82286144100046B0A /* Sources */ = {
			isa = PBXSourcesBuildPhase;
			buildActionMask = 2147483647;
			files = (
				903F0BFE2289BE84003D83D1 /* GreenViewController.swift in Sources */,
				907FB2182286158700046B0A /* CommandController.swift in Sources */,
				907FB22122862BA900046B0A /* VCSourceOfTruth.swift in Sources */,
				907FB2022286144100046B0A /* ParentViewController.swift in Sources */,
				907FB21D228618FA00046B0A /* PopOverViewController.swift in Sources */,
				903F0C002289DABE003D83D1 /* customclass.swift in Sources */,
				907FB21F2286193A00046B0A /* PopOverViewController2.swift in Sources */,
				907FB2162286147F00046B0A /* Tutorial.swift in Sources */,
				907FB227228638CA00046B0A /* TableViewController.swift in Sources */,
				907FB2002286144100046B0A /* AppDelegate.swift in Sources */,
				907FB2132286146900046B0A /* Command.swift in Sources */,
				907FB22522862FBD00046B0A /* CreateTutorialViewController.swift in Sources */,
				907FB21B228616DB00046B0A /* TutorialController.swift in Sources */,
			);
			runOnlyForDeploymentPostprocessing = 0;
		};
/* End PBXSourcesBuildPhase section */

/* Begin PBXVariantGroup section */
		907FB2032286144100046B0A /* Main.storyboard */ = {
			isa = PBXVariantGroup;
			children = (
				907FB2042286144100046B0A /* Base */,
			);
			name = Main.storyboard;
			sourceTree = "<group>";
		};
		907FB2082286144200046B0A /* LaunchScreen.storyboard */ = {
			isa = PBXVariantGroup;
			children = (
				907FB2092286144200046B0A /* Base */,
			);
			name = LaunchScreen.storyboard;
			sourceTree = "<group>";
		};
/* End PBXVariantGroup section */

/* Begin XCBuildConfiguration section */
		907FB20C2286144200046B0A /* Debug */ = {
			isa = XCBuildConfiguration;
			buildSettings = {
				ALWAYS_SEARCH_USER_PATHS = NO;
				CLANG_ANALYZER_NONNULL = YES;
				CLANG_ANALYZER_NUMBER_OBJECT_CONVERSION = YES_AGGRESSIVE;
				CLANG_CXX_LANGUAGE_STANDARD = "gnu++14";
				CLANG_CXX_LIBRARY = "libc++";
				CLANG_ENABLE_MODULES = YES;
				CLANG_ENABLE_OBJC_ARC = YES;
				CLANG_ENABLE_OBJC_WEAK = YES;
				CLANG_WARN_BLOCK_CAPTURE_AUTORELEASING = YES;
				CLANG_WARN_BOOL_CONVERSION = YES;
				CLANG_WARN_COMMA = YES;
				CLANG_WARN_CONSTANT_CONVERSION = YES;
				CLANG_WARN_DEPRECATED_OBJC_IMPLEMENTATIONS = YES;
				CLANG_WARN_DIRECT_OBJC_ISA_USAGE = YES_ERROR;
				CLANG_WARN_DOCUMENTATION_COMMENTS = YES;
				CLANG_WARN_EMPTY_BODY = YES;
				CLANG_WARN_ENUM_CONVERSION = YES;
				CLANG_WARN_INFINITE_RECURSION = YES;
				CLANG_WARN_INT_CONVERSION = YES;
				CLANG_WARN_NON_LITERAL_NULL_CONVERSION = YES;
				CLANG_WARN_OBJC_IMPLICIT_RETAIN_SELF = YES;
				CLANG_WARN_OBJC_LITERAL_CONVERSION = YES;
				CLANG_WARN_OBJC_ROOT_CLASS = YES_ERROR;
				CLANG_WARN_RANGE_LOOP_ANALYSIS = YES;
				CLANG_WARN_STRICT_PROTOTYPES = YES;
				CLANG_WARN_SUSPICIOUS_MOVE = YES;
				CLANG_WARN_UNGUARDED_AVAILABILITY = YES_AGGRESSIVE;
				CLANG_WARN_UNREACHABLE_CODE = YES;
				CLANG_WARN__DUPLICATE_METHOD_MATCH = YES;
				CODE_SIGN_IDENTITY = "iPhone Developer";
				COPY_PHASE_STRIP = NO;
				DEBUG_INFORMATION_FORMAT = dwarf;
				ENABLE_STRICT_OBJC_MSGSEND = YES;
				ENABLE_TESTABILITY = YES;
				GCC_C_LANGUAGE_STANDARD = gnu11;
				GCC_DYNAMIC_NO_PIC = NO;
				GCC_NO_COMMON_BLOCKS = YES;
				GCC_OPTIMIZATION_LEVEL = 0;
				GCC_PREPROCESSOR_DEFINITIONS = (
					"DEBUG=1",
					"$(inherited)",
				);
				GCC_WARN_64_TO_32_BIT_CONVERSION = YES;
				GCC_WARN_ABOUT_RETURN_TYPE = YES_ERROR;
				GCC_WARN_UNDECLARED_SELECTOR = YES;
				GCC_WARN_UNINITIALIZED_AUTOS = YES_AGGRESSIVE;
				GCC_WARN_UNUSED_FUNCTION = YES;
				GCC_WARN_UNUSED_VARIABLE = YES;
				IPHONEOS_DEPLOYMENT_TARGET = 12.2;
				MTL_ENABLE_DEBUG_INFO = INCLUDE_SOURCE;
				MTL_FAST_MATH = YES;
				ONLY_ACTIVE_ARCH = YES;
				SDKROOT = iphoneos;
				SWIFT_ACTIVE_COMPILATION_CONDITIONS = DEBUG;
				SWIFT_OPTIMIZATION_LEVEL = "-Onone";
			};
			name = Debug;
		};
		907FB20D2286144200046B0A /* Release */ = {
			isa = XCBuildConfiguration;
			buildSettings = {
				ALWAYS_SEARCH_USER_PATHS = NO;
				CLANG_ANALYZER_NONNULL = YES;
				CLANG_ANALYZER_NUMBER_OBJECT_CONVERSION = YES_AGGRESSIVE;
				CLANG_CXX_LANGUAGE_STANDARD = "gnu++14";
				CLANG_CXX_LIBRARY = "libc++";
				CLANG_ENABLE_MODULES = YES;
				CLANG_ENABLE_OBJC_ARC = YES;
				CLANG_ENABLE_OBJC_WEAK = YES;
				CLANG_WARN_BLOCK_CAPTURE_AUTORELEASING = YES;
				CLANG_WARN_BOOL_CONVERSION = YES;
				CLANG_WARN_COMMA = YES;
				CLANG_WARN_CONSTANT_CONVERSION = YES;
				CLANG_WARN_DEPRECATED_OBJC_IMPLEMENTATIONS = YES;
				CLANG_WARN_DIRECT_OBJC_ISA_USAGE = YES_ERROR;
				CLANG_WARN_DOCUMENTATION_COMMENTS = YES;
				CLANG_WARN_EMPTY_BODY = YES;
				CLANG_WARN_ENUM_CONVERSION = YES;
				CLANG_WARN_INFINITE_RECURSION = YES;
				CLANG_WARN_INT_CONVERSION = YES;
				CLANG_WARN_NON_LITERAL_NULL_CONVERSION = YES;
				CLANG_WARN_OBJC_IMPLICIT_RETAIN_SELF = YES;
				CLANG_WARN_OBJC_LITERAL_CONVERSION = YES;
				CLANG_WARN_OBJC_ROOT_CLASS = YES_ERROR;
				CLANG_WARN_RANGE_LOOP_ANALYSIS = YES;
				CLANG_WARN_STRICT_PROTOTYPES = YES;
				CLANG_WARN_SUSPICIOUS_MOVE = YES;
				CLANG_WARN_UNGUARDED_AVAILABILITY = YES_AGGRESSIVE;
				CLANG_WARN_UNREACHABLE_CODE = YES;
				CLANG_WARN__DUPLICATE_METHOD_MATCH = YES;
				CODE_SIGN_IDENTITY = "iPhone Developer";
				COPY_PHASE_STRIP = NO;
				DEBUG_INFORMATION_FORMAT = "dwarf-with-dsym";
				ENABLE_NS_ASSERTIONS = NO;
				ENABLE_STRICT_OBJC_MSGSEND = YES;
				GCC_C_LANGUAGE_STANDARD = gnu11;
				GCC_NO_COMMON_BLOCKS = YES;
				GCC_WARN_64_TO_32_BIT_CONVERSION = YES;
				GCC_WARN_ABOUT_RETURN_TYPE = YES_ERROR;
				GCC_WARN_UNDECLARED_SELECTOR = YES;
				GCC_WARN_UNINITIALIZED_AUTOS = YES_AGGRESSIVE;
				GCC_WARN_UNUSED_FUNCTION = YES;
				GCC_WARN_UNUSED_VARIABLE = YES;
				IPHONEOS_DEPLOYMENT_TARGET = 12.2;
				MTL_ENABLE_DEBUG_INFO = NO;
				MTL_FAST_MATH = YES;
				SDKROOT = iphoneos;
				SWIFT_COMPILATION_MODE = wholemodule;
				SWIFT_OPTIMIZATION_LEVEL = "-O";
				VALIDATE_PRODUCT = YES;
			};
			name = Release;
		};
		907FB20F2286144200046B0A /* Debug */ = {
			isa = XCBuildConfiguration;
			buildSettings = {
				ASSETCATALOG_COMPILER_APPICON_NAME = AppIcon;
				CODE_SIGN_STYLE = Automatic;
				DEVELOPMENT_TEAM = 57FTCZV5HS;
				INFOPLIST_FILE = "$(SRCROOT)/walkProTwo/Resources/Info.plist";
				LD_RUNPATH_SEARCH_PATHS = (
					"$(inherited)",
					"@executable_path/Frameworks",
				);
				PRODUCT_BUNDLE_IDENTIFIER = com.greghughes.walkProTwo;
				PRODUCT_NAME = "$(TARGET_NAME)";
				SWIFT_VERSION = 5.0;
				TARGETED_DEVICE_FAMILY = "1,2";
			};
			name = Debug;
		};
		907FB2102286144200046B0A /* Release */ = {
			isa = XCBuildConfiguration;
			buildSettings = {
				ASSETCATALOG_COMPILER_APPICON_NAME = AppIcon;
				CODE_SIGN_STYLE = Automatic;
				DEVELOPMENT_TEAM = 57FTCZV5HS;
				INFOPLIST_FILE = "$(SRCROOT)/walkProTwo/Resources/Info.plist";
				LD_RUNPATH_SEARCH_PATHS = (
					"$(inherited)",
					"@executable_path/Frameworks",
				);
				PRODUCT_BUNDLE_IDENTIFIER = com.greghughes.walkProTwo;
				PRODUCT_NAME = "$(TARGET_NAME)";
				SWIFT_VERSION = 5.0;
				TARGETED_DEVICE_FAMILY = "1,2";
			};
			name = Release;
		};
/* End XCBuildConfiguration section */

/* Begin XCConfigurationList section */
		907FB1F72286144100046B0A /* Build configuration list for PBXProject "walkProTwo" */ = {
			isa = XCConfigurationList;
			buildConfigurations = (
				907FB20C2286144200046B0A /* Debug */,
				907FB20D2286144200046B0A /* Release */,
			);
			defaultConfigurationIsVisible = 0;
			defaultConfigurationName = Release;
		};
		907FB20E2286144200046B0A /* Build configuration list for PBXNativeTarget "walkProTwo" */ = {
			isa = XCConfigurationList;
			buildConfigurations = (
				907FB20F2286144200046B0A /* Debug */,
				907FB2102286144200046B0A /* Release */,
			);
			defaultConfigurationIsVisible = 0;
			defaultConfigurationName = Release;
		};
/* End XCConfigurationList section */
	};
	rootObject = 907FB1F42286144100046B0A /* Project object */;
}
